{
  "name": "@indra.ai/deva.owner",
  "version": "0.15.2",
  "lockfileVersion": 3,
  "requires": true,
  "packages": {
    "": {
      "name": "@indra.ai/deva.owner",
      "version": "0.15.2",
      "funding": [
        {
          "type": "paypal",
          "url": "https://paypal.me/rahulaclub"
        },
        {
          "type": "patreon",
          "url": "https://patreon.com/rahulaclub"
        }
      ],
      "license": "VLA:14966133974607279764 LICENSE.md",
      "dependencies": {
        "@indra.ai/deva": "^1.51.4"
      }
    },
    "node_modules/@indra.ai/deva": {
      "version": "1.51.4",
      "resolved": "https://registry.npmjs.org/@indra.ai/deva/-/deva-1.51.4.tgz",
      "integrity": "sha512-7uCfy/ZXhNF/hemLYbhpADx58+t8MaO3ARF2tuvysvuwhFd2Cyrstnfy1JYm54g5NV4VZPlAsWPNp0X/UIolKg==",
      "funding": [
        {
          "type": "paypal",
          "url": "https://paypal.me/rahulaclub"
        },
        {
          "type": "patreon",
          "url": "https://patreon.com/rahulaclub"
        }
      ],
      "license": "VLA:64654724156459693416 LICENSE.md",
      "engines": {
        "node": ">=18.16.0",
        "npm": ">=9.5.1"
      }
    }
  }
}
